
Microsoft Visual Studio Solution File, Format Version 12.00
# Visual Studio Version 17
VisualStudioVersion = 17.7.34003.232
MinimumVisualStudioVersion = 10.0.40219.1
Project("{F184B08F-C81C-45F6-A57F-5ABD9991F28F}") = "A23-FR-P44-EXF-P", "A23-FR-P44-EXF-P\A23-FR-P44-EXF-P.vbproj", "{F4752CA1-C72C-435A-9B50-81EA356E294F}"
EndProject
Global
	GlobalSection(SolutionConfigurationPlatforms) = preSolution
		Debug|Any CPU = Debug|Any CPU
		Release|Any CPU = Release|Any CPU
	EndGlobalSection
	GlobalSection(ProjectConfigurationPlatforms) = postSolution
		{F4752CA1-C72C-435A-9B50-81EA356E294F}.Debug|Any CPU.ActiveCfg = Debug|Any CPU
		{F4752CA1-C72C-435A-9B50-81EA356E294F}.Debug|Any CPU.Build.0 = Debug|Any CPU
		{F4752CA1-C72C-435A-9B50-81EA356E294F}.Release|Any CPU.ActiveCfg = Release|Any CPU
		{F4752CA1-C72C-435A-9B50-81EA356E294F}.Release|Any CPU.Build.0 = Release|Any CPU
	EndGlobalSection
	GlobalSection(SolutionProperties) = preSolution
		HideSolutionNode = FALSE
	EndGlobalSection
	GlobalSection(ExtensibilityGlobals) = postSolution
		SolutionGuid = {14546F02-A971-4A1C-875C-96D2403194CD}
	EndGlobalSection
EndGlobal
